
Microsoft Visual Studio Solution File, Format Version 12.00
# Visual Studio Version 16
VisualStudioVersion = 16.0.29215.179
MinimumVisualStudioVersion = 10.0.40219.1
Project("{9A19103F-16F7-4668-BE54-9A1E7A4F7556}") = "WordLadder", "WordLadder\WordLadder.csproj", "{411C8163-C7E2-411A-8AC8-19B9B033E712}"
EndProject
Project("{9A19103F-16F7-4668-BE54-9A1E7A4F7556}") = "WordLadderAPI", "WordLadderAPI\WordLadderAPI.csproj", "{DAC5617D-6431-4929-AACD-23D817ADC946}"
EndProject
Project("{FAE04EC0-301F-11D3-BF4B-00C04F79EFBC}") = "WordLadderAPI.Tests", "WordLadderAPI.Tests\WordLadderAPI.Tests.csproj", "{88E2B55C-9EB6-4F7F-872D-379E34BB219F}"
EndProject
Project("{FAE04EC0-301F-11D3-BF4B-00C04F79EFBC}") = "WordLadder.Tests", "WordLadder.Tests\WordLadder.Tests.csproj", "{83F784B3-FA0D-47D9-9BC8-248660544D7F}"
EndProject
Global
	GlobalSection(SolutionConfigurationPlatforms) = preSolution
		Debug|Any CPU = Debug|Any CPU
		Release|Any CPU = Release|Any CPU
	EndGlobalSection
	GlobalSection(ProjectConfigurationPlatforms) = postSolution
		{411C8163-C7E2-411A-8AC8-19B9B033E712}.Debug|Any CPU.ActiveCfg = Debug|Any CPU
		{411C8163-C7E2-411A-8AC8-19B9B033E712}.Debug|Any CPU.Build.0 = Debug|Any CPU
		{411C8163-C7E2-411A-8AC8-19B9B033E712}.Release|Any CPU.ActiveCfg = Release|Any CPU
		{411C8163-C7E2-411A-8AC8-19B9B033E712}.Release|Any CPU.Build.0 = Release|Any CPU
		{DAC5617D-6431-4929-AACD-23D817ADC946}.Debug|Any CPU.ActiveCfg = Debug|Any CPU
		{DAC5617D-6431-4929-AACD-23D817ADC946}.Debug|Any CPU.Build.0 = Debug|Any CPU
		{DAC5617D-6431-4929-AACD-23D817ADC946}.Release|Any CPU.ActiveCfg = Release|Any CPU
		{DAC5617D-6431-4929-AACD-23D817ADC946}.Release|Any CPU.Build.0 = Release|Any CPU
		{88E2B55C-9EB6-4F7F-872D-379E34BB219F}.Debug|Any CPU.ActiveCfg = Debug|Any CPU
		{88E2B55C-9EB6-4F7F-872D-379E34BB219F}.Debug|Any CPU.Build.0 = Debug|Any CPU
		{88E2B55C-9EB6-4F7F-872D-379E34BB219F}.Release|Any CPU.ActiveCfg = Release|Any CPU
		{88E2B55C-9EB6-4F7F-872D-379E34BB219F}.Release|Any CPU.Build.0 = Release|Any CPU
		{83F784B3-FA0D-47D9-9BC8-248660544D7F}.Debug|Any CPU.ActiveCfg = Debug|Any CPU
		{83F784B3-FA0D-47D9-9BC8-248660544D7F}.Debug|Any CPU.Build.0 = Debug|Any CPU
		{83F784B3-FA0D-47D9-9BC8-248660544D7F}.Release|Any CPU.ActiveCfg = Release|Any CPU
		{83F784B3-FA0D-47D9-9BC8-248660544D7F}.Release|Any CPU.Build.0 = Release|Any CPU
	EndGlobalSection
	GlobalSection(SolutionProperties) = preSolution
		HideSolutionNode = FALSE
	EndGlobalSection
	GlobalSection(ExtensibilityGlobals) = postSolution
		SolutionGuid = {0DE1BAEE-802F-4DFC-8760-028CDC1542BC}
	EndGlobalSection
EndGlobal
